
Microsoft Visual Studio Solution File, Format Version 12.00
# Visual Studio 15
VisualStudioVersion = 15.0.28307.136
MinimumVisualStudioVersion = 10.0.40219.1
Project("{FAE04EC0-301F-11D3-BF4B-00C04F79EFBC}") = "TestCashdroJsonCore", "TestCashdroJsonCore\TestCashdroJsonCore.csproj", "{9C92C723-3BFA-4870-9588-27668F03C0FC}"
EndProject
Global
	GlobalSection(SolutionConfigurationPlatforms) = preSolution
		Debug|Any CPU = Debug|Any CPU
		Release|Any CPU = Release|Any CPU
	EndGlobalSection
	GlobalSection(ProjectConfigurationPlatforms) = postSolution
		{9C92C723-3BFA-4870-9588-27668F03C0FC}.Debug|Any CPU.ActiveCfg = Debug|Any CPU
		{9C92C723-3BFA-4870-9588-27668F03C0FC}.Debug|Any CPU.Build.0 = Debug|Any CPU
		{9C92C723-3BFA-4870-9588-27668F03C0FC}.Release|Any CPU.ActiveCfg = Release|Any CPU
		{9C92C723-3BFA-4870-9588-27668F03C0FC}.Release|Any CPU.Build.0 = Release|Any CPU
	EndGlobalSection
	GlobalSection(SolutionProperties) = preSolution
		HideSolutionNode = FALSE
	EndGlobalSection
	GlobalSection(ExtensibilityGlobals) = postSolution
		SolutionGuid = {5732C9F8-A181-4E97-8F30-19C2A552D9A3}
	EndGlobalSection
EndGlobal
